{
  "version": 4,
  "terraform_version": "1.14.6",
  "serial": 208,
  "lineage": "f060657c-d0b0-fe24-6e76-88b6cbecddcc",
  "outputs": {},
  "resources": [
    {
      "module": "module.alb",
      "mode": "managed",
      "type": "aws_lb_target_group",
      "name": "app",
      "provider": "provider[\"registry.terraform.io/hashicorp/aws\"]",
      "instances": [
        {
          "schema_version": 0,
          "attributes": {
            "arn": "arn:aws:elasticloadbalancing:ap-south-1:704048935372:targetgroup/tracedataai-uat-tg/5dbf7e51f450d0dc",
            "arn_suffix": "targetgroup/tracedataai-uat-tg/5dbf7e51f450d0dc",
            "connection_termination": null,
            "deregistration_delay": "30",
            "health_check": [
              {
                "enabled": true,
                "healthy_threshold": 3,
                "interval": 30,
                "matcher": "200-399",
                "path": "/",
                "port": "traffic-port",
                "protocol": "HTTP",
                "timeout": 5,
                "unhealthy_threshold": 3
              }
            ],
            "id": "arn:aws:elasticloadbalancing:ap-south-1:704048935372:targetgroup/tracedataai-uat-tg/5dbf7e51f450d0dc",
            "ip_address_type": "ipv4",
            "lambda_multi_value_headers_enabled": false,
            "load_balancer_arns": [
              "arn:aws:elasticloadbalancing:ap-south-1:704048935372:loadbalancer/app/tracedataai-uat-alb/8dca6ad71bf0861c"
            ],
            "load_balancing_algorithm_type": "round_robin",
            "load_balancing_anomaly_mitigation": "off",
            "load_balancing_cross_zone_enabled": "use_load_balancer_configuration",
            "name": "tracedataai-uat-tg",
            "name_prefix": "",
            "port": 80,
            "preserve_client_ip": null,
            "protocol": "HTTP",
            "protocol_version": "HTTP1",
            "proxy_protocol_v2": false,
            "region": "ap-south-1",
            "slow_start": 0,
            "stickiness": [
              {
                "cookie_duration": 86400,
                "cookie_name": "",
                "enabled": false,
                "type": "lb_cookie"
              }
            ],
            "tags": {
              "Environment": "uat",
              "ManagedBy": "Terraform",
              "Name": "TraceDataAI-uat-tg",
              "Project": "TraceDataAI"
            },
            "tags_all": {
              "Environment": "uat",
              "ManagedBy": "Terraform",
              "Name": "TraceDataAI-uat-tg",
              "Project": "TraceDataAI"
            },
            "target_control_port": 0,
            "target_failover": [
              {
                "on_deregistration": null,
                "on_unhealthy": null
              }
            ],
            "target_group_health": [
              {
                "dns_failover": [
                  {
                    "minimum_healthy_targets_count": "1",
                    "minimum_healthy_targets_percentage": "off"
                  }
                ],
                "unhealthy_state_routing": [
                  {
                    "minimum_healthy_targets_count": 1,
                    "minimum_healthy_targets_percentage": "off"
                  }
                ]
              }
            ],
            "target_health_state": [
              {
                "enable_unhealthy_connection_termination": null,
                "unhealthy_draining_interval": null
              }
            ],
            "target_type": "instance",
            "vpc_id": "vpc-01d9095da7596101b"
          },
          "sensitive_attributes": [],
          "identity_schema_version": 0,
          "identity": {
            "arn": "arn:aws:elasticloadbalancing:ap-south-1:704048935372:targetgroup/tracedataai-uat-tg/5dbf7e51f450d0dc"
          },
          "private": "bnVsbA==",
          "dependencies": [
            "module.vpc.aws_vpc.main"
          ]
        }
      ]
    },
    {
      "module": "module.alb",
      "mode": "managed",
      "type": "aws_security_group",
      "name": "alb_sg",
      "provider": "provider[\"registry.terraform.io/hashicorp/aws\"]",
      "instances": [
        {
          "schema_version": 1,
          "attributes": {
            "arn": "arn:aws:ec2:ap-south-1:704048935372:security-group/sg-058b5602badde7151",
            "description": "Internal ALB SG - allow HTTP from VPC CIDR only",
            "egress": [
              {
                "cidr_blocks": [
                  "11.0.0.0/16"
                ],
                "description": "All traffic to VPC CIDR",
                "from_port": 0,
                "ipv6_cidr_blocks": [],
                "prefix_list_ids": [],
                "protocol": "-1",
                "security_groups": [],
                "self": false,
                "to_port": 0
              }
            ],
            "id": "sg-058b5602badde7151",
            "ingress": [
              {
                "cidr_blocks": [
                  "11.0.0.0/16"
                ],
                "description": "HTTP from VPC CIDR",
                "from_port": 80,
                "ipv6_cidr_blocks": [],
                "prefix_list_ids": [],
                "protocol": "tcp",
                "security_groups": [],
                "self": false,
                "to_port": 80
              },
              {
                "cidr_blocks": [],
                "description": "Allow HTTP from VPC Link SG",
                "from_port": 80,
                "ipv6_cidr_blocks": [],
                "prefix_list_ids": [],
                "protocol": "tcp",
                "security_groups": [
                  "sg-0585689778f8ad003"
                ],
                "self": false,
                "to_port": 80
              }
            ],
            "name": "TraceDataAI-uat-alb-sg",
            "name_prefix": "",
            "owner_id": "704048935372",
            "region": "ap-south-1",
            "revoke_rules_on_delete": false,
            "tags": {
              "Environment": "uat",
              "ManagedBy": "Terraform",
              "Name": "TraceDataAI-uat-alb-sg",
              "Project": "TraceDataAI"
            },
            "tags_all": {
              "Environment": "uat",
              "ManagedBy": "Terraform",
              "Name": "TraceDataAI-uat-alb-sg",
              "Project": "TraceDataAI"
            },
            "timeouts": null,
            "vpc_id": "vpc-01d9095da7596101b"
          },
          "sensitive_attributes": [],
          "identity_schema_version": 0,
          "identity": {
            "account_id": "704048935372",
            "id": "sg-058b5602badde7151",
            "region": "ap-south-1"
          },
          "private": "eyJlMmJmYjczMC1lY2FhLTExZTYtOGY4OC0zNDM2M2JjN2M0YzAiOnsiY3JlYXRlIjo2MDAwMDAwMDAwMDAsImRlbGV0ZSI6OTAwMDAwMDAwMDAwfSwic2NoZW1hX3ZlcnNpb24iOiIxIn0=",
          "dependencies": [
            "module.vpc.aws_vpc.main"
          ]
        }
      ]
    },
    {
      "module": "module.api_gateway",
      "mode": "managed",
      "type": "aws_security_group",
      "name": "backend_sg",
      "provider": "provider[\"registry.terraform.io/hashicorp/aws\"]",
      "instances": [
        {
          "schema_version": 1,
          "attributes": {
            "arn": "arn:aws:ec2:ap-south-1:704048935372:security-group/sg-0b6ca7913905b43b6",
            "description": "Backend compute SG - allow HTTP from ALB SG only",
            "egress": [
              {
                "cidr_blocks": [
                  "0.0.0.0/0"
                ],
                "description": "All outbound traffic",
                "from_port": 0,
                "ipv6_cidr_blocks": [],
                "prefix_list_ids": [],
                "protocol": "-1",
                "security_groups": [],
                "self": false,
                "to_port": 0
              }
            ],
            "id": "sg-0b6ca7913905b43b6",
            "ingress": [
              {
                "cidr_blocks": [],
                "description": "All TCP from ALB SG (dynamic port mapping)",
                "from_port": 0,
                "ipv6_cidr_blocks": [],
                "prefix_list_ids": [],
                "protocol": "tcp",
                "security_groups": [
                  "sg-058b5602badde7151"
                ],
                "self": false,
                "to_port": 65535
              }
            ],
            "name": "TraceDataAI-uat-backend-sg",
            "name_prefix": "",
            "owner_id": "704048935372",
            "region": "ap-south-1",
            "revoke_rules_on_delete": false,
            "tags": {
              "Environment": "uat",
              "ManagedBy": "Terraform",
              "Name": "TraceDataAI-uat-backend-sg",
              "Project": "TraceDataAI"
            },
            "tags_all": {
              "Environment": "uat",
              "ManagedBy": "Terraform",
              "Name": "TraceDataAI-uat-backend-sg",
              "Project": "TraceDataAI"
            },
            "timeouts": null,
            "vpc_id": "vpc-01d9095da7596101b"
          },
          "sensitive_attributes": [],
          "identity_schema_version": 0,
          "identity": {
            "account_id": "704048935372",
            "id": "sg-0b6ca7913905b43b6",
            "region": "ap-south-1"
          },
          "private": "eyJlMmJmYjczMC1lY2FhLTExZTYtOGY4OC0zNDM2M2JjN2M0YzAiOnsiY3JlYXRlIjo2MDAwMDAwMDAwMDAsImRlbGV0ZSI6OTAwMDAwMDAwMDAwfSwic2NoZW1hX3ZlcnNpb24iOiIxIn0=",
          "dependencies": [
            "module.alb.aws_security_group.alb_sg",
            "module.vpc.aws_vpc.main"
          ]
        }
      ]
    },
    {
      "module": "module.ecs_cluster",
      "mode": "data",
      "type": "aws_ssm_parameter",
      "name": "ecs_ami",
      "provider": "provider[\"registry.terraform.io/hashicorp/aws\"]",
      "instances": [
        {
          "schema_version": 0,
          "attributes": {
            "arn": "arn:aws:ssm:ap-south-1::parameter/aws/service/ecs/optimized-ami/amazon-linux-2023/recommended/image_id",
            "id": "/aws/service/ecs/optimized-ami/amazon-linux-2023/recommended/image_id",
            "insecure_value": "ami-05b68f13a3d84256f",
            "name": "/aws/service/ecs/optimized-ami/amazon-linux-2023/recommended/image_id",
            "region": "ap-south-1",
            "type": "String",
            "value": "ami-05b68f13a3d84256f",
            "version": 119,
            "with_decryption": true
          },
          "sensitive_attributes": [
            [
              {
                "type": "get_attr",
                "value": "value"
              }
            ]
          ],
          "identity_schema_version": 0
        }
      ]
    },
    {
      "module": "module.ecs_cluster",
      "mode": "managed",
      "type": "aws_autoscaling_group",
      "name": "ecs",
      "provider": "provider[\"registry.terraform.io/hashicorp/aws\"]",
      "instances": [
        {
          "schema_version": 1,
          "attributes": {
            "arn": "arn:aws:autoscaling:ap-south-1:704048935372:autoScalingGroup:6a64bce5-8f1c-45be-bc03-e1c1cba54667:autoScalingGroupName/TraceDataAI-uat-ecs-asg",
            "availability_zone_distribution": [
              {
                "capacity_distribution_strategy": "balanced-best-effort"
              }
            ],
            "availability_zones": [
              "ap-south-1a",
              "ap-south-1b"
            ],
            "capacity_rebalance": false,
            "capacity_reservation_specification": [
              {
                "capacity_reservation_preference": "default",
                "capacity_reservation_target": []
              }
            ],
            "context": "",
            "default_cooldown": 300,
            "default_instance_warmup": 0,
            "desired_capacity": 2,
            "desired_capacity_type": "",
            "enabled_metrics": [],
            "force_delete": false,
            "force_delete_warm_pool": false,
            "health_check_grace_period": 300,
            "health_check_type": "EC2",
            "id": "TraceDataAI-uat-ecs-asg",
            "ignore_failed_scaling_activities": false,
            "initial_lifecycle_hook": [],
            "instance_maintenance_policy": [
              {
                "max_healthy_percentage": 200,
                "min_healthy_percentage": 100
              }
            ],
            "instance_refresh": [],
            "launch_configuration": "",
            "launch_template": [],
            "load_balancers": [],
            "max_instance_lifetime": 0,
            "max_size": 3,
            "metrics_granularity": "1Minute",
            "min_elb_capacity": null,
            "min_size": 1,
            "mixed_instances_policy": [
              {
                "instances_distribution": [
                  {
                    "on_demand_allocation_strategy": "prioritized",
                    "on_demand_base_capacity": 1,
                    "on_demand_percentage_above_base_capacity": 100,
                    "spot_allocation_strategy": "lowest-price",
                    "spot_instance_pools": 2,
                    "spot_max_price": ""
                  }
                ],
                "launch_template": [
                  {
                    "launch_template_specification": [
                      {
                        "launch_template_id": "lt-0bedb6917a6f58744",
                        "launch_template_name": "TraceDataAI-uat-ecs-lt-20260401130833786000000002",
                        "version": "$Latest"
                      }
                    ],
                    "override": [
                      {
                        "instance_requirements": [],
                        "instance_type": "c7i-flex.large",
                        "launch_template_specification": [],
                        "weighted_capacity": ""
                      }
                    ]
                  }
                ]
              }
            ],
            "name": "TraceDataAI-uat-ecs-asg",
            "name_prefix": "",
            "placement_group": "",
            "predicted_capacity": 0,
            "protect_from_scale_in": true,
            "region": "ap-south-1",
            "service_linked_role_arn": "arn:aws:iam::704048935372:role/aws-service-role/autoscaling.amazonaws.com/AWSServiceRoleForAutoScaling",
            "suspended_processes": [],
            "tag": [
              {
                "key": "AmazonECSManaged",
                "propagate_at_launch": true,
                "value": "true"
              }
            ],
            "target_group_arns": [],
            "termination_policies": [],
            "timeouts": null,
            "traffic_source": [],
            "vpc_zone_identifier": [
              "subnet-0b5e3f37fb64fb1c9",
              "subnet-0c65c913cd85f8b9e"
            ],
            "wait_for_capacity_timeout": "10m",
            "wait_for_elb_capacity": null,
            "warm_pool": [],
            "warm_pool_size": 0
          },
          "sensitive_attributes": [],
          "identity_schema_version": 0,
          "private": "eyJlMmJmYjczMC1lY2FhLTExZTYtOGY4OC0zNDM2M2JjN2M0YzAiOnsiZGVsZXRlIjo2MDAwMDAwMDAwMDAsInVwZGF0ZSI6NjAwMDAwMDAwMDAwfSwic2NoZW1hX3ZlcnNpb24iOiIxIn0=",
          "dependencies": [
            "module.alb.aws_security_group.alb_sg",
            "module.api_gateway.aws_security_group.backend_sg",
            "module.ecs_cluster.aws_ecs_cluster.this",
            "module.ecs_cluster.aws_iam_instance_profile.ecs_instance_profile",
            "module.ecs_cluster.aws_iam_role.ecs_instance_role",
            "module.ecs_cluster.aws_launch_template.ecs",
            "module.ecs_cluster.data.aws_ssm_parameter.ecs_ami",
            "module.vpc.aws_subnet.private_1",
            "module.vpc.aws_subnet.private_2",
            "module.vpc.aws_vpc.main"
          ]
        }
      ]
    },
    {
      "module": "module.ecs_cluster",
      "mode": "managed",
      "type": "aws_ecs_capacity_provider",
      "name": "this",
      "provider": "provider[\"registry.terraform.io/hashicorp/aws\"]",
      "instances": [
        {
          "schema_version": 0,
          "attributes": {
            "arn": "arn:aws:ecs:ap-south-1:704048935372:capacity-provider/TraceDataAI-uat-cp",
            "auto_scaling_group_provider": [
              {
                "auto_scaling_group_arn": "arn:aws:autoscaling:ap-south-1:704048935372:autoScalingGroup:6a64bce5-8f1c-45be-bc03-e1c1cba54667:autoScalingGroupName/TraceDataAI-uat-ecs-asg",
                "managed_draining": "ENABLED",
                "managed_scaling": [
                  {
                    "instance_warmup_period": 0,
                    "maximum_scaling_step_size": 3,
                    "minimum_scaling_step_size": 1,
                    "status": "ENABLED",
                    "target_capacity": 80
                  }
                ],
                "managed_termination_protection": "ENABLED"
              }
            ],
            "cluster": "",
            "id": "arn:aws:ecs:ap-south-1:704048935372:capacity-provider/TraceDataAI-uat-cp",
            "managed_instances_provider": [],
            "name": "TraceDataAI-uat-cp",
            "region": "ap-south-1",
            "tags": {},
            "tags_all": {}
          },
          "sensitive_attributes": [],
          "identity_schema_version": 0,
          "identity": {
            "arn": "arn:aws:ecs:ap-south-1:704048935372:capacity-provider/TraceDataAI-uat-cp"
          },
          "private": "bnVsbA==",
          "dependencies": [
            "module.alb.aws_security_group.alb_sg",
            "module.api_gateway.aws_security_group.backend_sg",
            "module.ecs_cluster.aws_autoscaling_group.ecs",
            "module.ecs_cluster.aws_ecs_cluster.this",
            "module.ecs_cluster.aws_iam_instance_profile.ecs_instance_profile",
            "module.ecs_cluster.aws_iam_role.ecs_instance_role",
            "module.ecs_cluster.aws_launch_template.ecs",
            "module.ecs_cluster.data.aws_ssm_parameter.ecs_ami",
            "module.vpc.aws_subnet.private_1",
            "module.vpc.aws_subnet.private_2",
            "module.vpc.aws_vpc.main"
          ]
        }
      ]
    },
    {
      "module": "module.ecs_cluster",
      "mode": "managed",
      "type": "aws_ecs_cluster",
      "name": "this",
      "provider": "provider[\"registry.terraform.io/hashicorp/aws\"]",
      "instances": [
        {
          "schema_version": 0,
          "attributes": {
            "arn": "arn:aws:ecs:ap-south-1:704048935372:cluster/TraceDataAI-uat-cluster",
            "configuration": [],
            "id": "arn:aws:ecs:ap-south-1:704048935372:cluster/TraceDataAI-uat-cluster",
            "name": "TraceDataAI-uat-cluster",
            "region": "ap-south-1",
            "service_connect_defaults": [],
            "setting": [
              {
                "name": "containerInsights",
                "value": "enabled"
              }
            ],
            "tags": {
              "Environment": "uat",
              "ManagedBy": "Terraform",
              "Project": "TraceDataAI"
            },
            "tags_all": {
              "Environment": "uat",
              "ManagedBy": "Terraform",
              "Project": "TraceDataAI"
            }
          },
          "sensitive_attributes": [],
          "identity_schema_version": 0,
          "private": "bnVsbA=="
        }
      ]
    },
    {
      "module": "module.ecs_cluster",
      "mode": "managed",
      "type": "aws_ecs_service",
      "name": "this",
      "provider": "provider[\"registry.terraform.io/hashicorp/aws\"]",
      "instances": [
        {
          "schema_version": 1,
          "attributes": {
            "alarms": [],
            "arn": "arn:aws:ecs:ap-south-1:704048935372:service/TraceDataAI-uat-cluster/TraceDataAI-uat-frontend-svc",
            "availability_zone_rebalancing": "ENABLED",
            "capacity_provider_strategy": [
              {
                "base": 1,
                "capacity_provider": "TraceDataAI-uat-cp",
                "weight": 100
              }
            ],
            "cluster": "arn:aws:ecs:ap-south-1:704048935372:cluster/TraceDataAI-uat-cluster",
            "deployment_circuit_breaker": [
              {
                "enable": true,
                "rollback": true
              }
            ],
            "deployment_configuration": [
              {
                "bake_time_in_minutes": "0",
                "canary_configuration": [],
                "lifecycle_hook": [],
                "linear_configuration": [],
                "strategy": "ROLLING"
              }
            ],
            "deployment_controller": [
              {
                "type": "ECS"
              }
            ],
            "deployment_maximum_percent": 200,
            "deployment_minimum_healthy_percent": 50,
            "desired_count": 1,
            "enable_ecs_managed_tags": false,
            "enable_execute_command": false,
            "force_delete": true,
            "force_new_deployment": null,
            "health_check_grace_period_seconds": 0,
            "iam_role": "/aws-service-role/ecs.amazonaws.com/AWSServiceRoleForECS",
            "id": "arn:aws:ecs:ap-south-1:704048935372:service/TraceDataAI-uat-cluster/TraceDataAI-uat-frontend-svc",
            "launch_type": "",
            "load_balancer": [
              {
                "advanced_configuration": [],
                "container_name": "tracedata-frontend-container",
                "container_port": 3000,
                "elb_name": "",
                "target_group_arn": "arn:aws:elasticloadbalancing:ap-south-1:704048935372:targetgroup/tracedataai-uat-tg/5dbf7e51f450d0dc"
              }
            ],
            "name": "TraceDataAI-uat-frontend-svc",
            "network_configuration": [],
            "ordered_placement_strategy": [],
            "placement_constraints": [],
            "platform_version": "",
            "propagate_tags": "NONE",
            "region": "ap-south-1",
            "scheduling_strategy": "REPLICA",
            "service_connect_configuration": [],
            "service_registries": [],
            "sigint_rollback": null,
            "tags": {},
            "tags_all": {},
            "task_definition": "arn:aws:ecs:ap-south-1:704048935372:task-definition/TraceDataAI-uat-task:2",
            "timeouts": null,
            "triggers": {},
            "volume_configuration": [],
            "vpc_lattice_configurations": [],
            "wait_for_steady_state": false
          },
          "sensitive_attributes": [],
          "identity_schema_version": 0,
          "identity": {
            "account_id": "704048935372",
            "cluster": "arn:aws:ecs:ap-south-1:704048935372:cluster/TraceDataAI-uat-cluster",
            "name": "TraceDataAI-uat-frontend-svc",
            "region": "ap-south-1"
          },
          "private": "eyJlMmJmYjczMC1lY2FhLTExZTYtOGY4OC0zNDM2M2JjN2M0YzAiOnsiY3JlYXRlIjoxMjAwMDAwMDAwMDAwLCJkZWxldGUiOjEyMDAwMDAwMDAwMDAsInVwZGF0ZSI6MTIwMDAwMDAwMDAwMH0sInNjaGVtYV92ZXJzaW9uIjoiMSJ9",
          "dependencies": [
            "module.alb.aws_lb_target_group.app",
            "module.alb.aws_security_group.alb_sg",
            "module.api_gateway.aws_security_group.backend_sg",
            "module.ecs_cluster.aws_autoscaling_group.ecs",
            "module.ecs_cluster.aws_ecs_capacity_provider.this",
            "module.ecs_cluster.aws_ecs_cluster.this",
            "module.ecs_cluster.aws_ecs_task_definition.this",
            "module.ecs_cluster.aws_iam_instance_profile.ecs_instance_profile",
            "module.ecs_cluster.aws_iam_role.ecs_instance_role",
            "module.ecs_cluster.aws_iam_role.ecs_task_execution_role",
            "module.ecs_cluster.aws_iam_role.ecs_task_role",
            "module.ecs_cluster.aws_iam_role_policy_attachment.ecs_task_role_admin",
            "module.ecs_cluster.aws_iam_role_policy_attachment.task_execution_ecs",
            "module.ecs_cluster.aws_launch_template.ecs",
            "module.ecs_cluster.data.aws_ssm_parameter.ecs_ami",
            "module.vpc.aws_subnet.private_1",
            "module.vpc.aws_subnet.private_2",
            "module.vpc.aws_vpc.main"
          ]
        }
      ]
    },
    {
      "module": "module.ecs_cluster",
      "mode": "managed",
      "type": "aws_ecs_task_definition",
      "name": "this",
      "provider": "provider[\"registry.terraform.io/hashicorp/aws\"]",
      "instances": [
        {
          "schema_version": 1,
          "attributes": {
            "arn": "arn:aws:ecs:ap-south-1:704048935372:task-definition/TraceDataAI-uat-task:2",
            "arn_without_revision": "arn:aws:ecs:ap-south-1:704048935372:task-definition/TraceDataAI-uat-task",
            "container_definitions": "[{\"cpu\":1024,\"environment\":[{\"name\":\"NODE_ENV\",\"value\":\"production\"},{\"name\":\"NODE_OPTIONS\",\"value\":\"--max-old-space-size=1536\"}],\"essential\":true,\"healthCheck\":{\"command\":[\"CMD-SHELL\",\"wget -qO- http://127.0.0.1:3000/health || exit 1\"],\"interval\":30,\"retries\":3,\"startPeriod\":60,\"timeout\":5},\"image\":\"704048935372.dkr.ecr.ap-southeast-1.amazonaws.com/tracedataaifrontend:latest\",\"logConfiguration\":{\"logDriver\":\"awslogs\",\"options\":{\"awslogs-group\":\"/ecs/TraceDataAI-uat\",\"awslogs-create-group\":\"true\",\"awslogs-region\":\"ap-southeast-1\",\"awslogs-stream-prefix\":\"ecs\"}},\"memory\":2048,\"memoryReservation\":1024,\"mountPoints\":[],\"name\":\"tracedata-frontend-container\",\"portMappings\":[{\"containerPort\":3000,\"hostPort\":0,\"protocol\":\"tcp\"}],\"systemControls\":[],\"volumesFrom\":[]}]",
            "cpu": "1024",
            "enable_fault_injection": false,
            "ephemeral_storage": [],
            "execution_role_arn": "arn:aws:iam::704048935372:role/TraceDataAI-uat-ecs-task-execution-role",
            "family": "TraceDataAI-uat-task",
            "id": "TraceDataAI-uat-task",
            "ipc_mode": "",
            "memory": "2048",
            "network_mode": "bridge",
            "pid_mode": "",
            "placement_constraints": [],
            "proxy_configuration": [],
            "region": "ap-south-1",
            "requires_compatibilities": [
              "EC2"
            ],
            "revision": 2,
            "runtime_platform": [],
            "skip_destroy": false,
            "tags": {
              "Environment": "uat",
              "ManagedBy": "Terraform",
              "Project": "TraceDataAI"
            },
            "tags_all": {
              "Environment": "uat",
              "ManagedBy": "Terraform",
              "Project": "TraceDataAI"
            },
            "task_role_arn": "arn:aws:iam::704048935372:role/TraceDataAI-uat-ecs-task-role",
            "track_latest": false,
            "volume": []
          },
          "sensitive_attributes": [],
          "identity_schema_version": 0,
          "identity": {
            "account_id": "704048935372",
            "family": "TraceDataAI-uat-task",
            "region": "ap-south-1",
            "revision": 2
          },
          "private": "eyJzY2hlbWFfdmVyc2lvbiI6IjEifQ==",
          "dependencies": [
            "module.ecs_cluster.aws_iam_role.ecs_task_execution_role",
            "module.ecs_cluster.aws_iam_role.ecs_task_role"
          ]
        }
      ]
    },
    {
      "module": "module.ecs_cluster",
      "mode": "managed",
      "type": "aws_iam_instance_profile",
      "name": "ecs_instance_profile",
      "provider": "provider[\"registry.terraform.io/hashicorp/aws\"]",
      "instances": [
        {
          "schema_version": 0,
          "attributes": {
            "arn": "arn:aws:iam::704048935372:instance-profile/TraceDataAI-uat-ecs-instance-profile",
            "create_date": "2026-04-01T13:08:22Z",
            "id": "TraceDataAI-uat-ecs-instance-profile",
            "name": "TraceDataAI-uat-ecs-instance-profile",
            "name_prefix": "",
            "path": "/",
            "role": "TraceDataAI-uat-ecs-instance-role",
            "tags": {
              "Environment": "uat",
              "ManagedBy": "Terraform",
              "Project": "TraceDataAI"
            },
            "tags_all": {
              "Environment": "uat",
              "ManagedBy": "Terraform",
              "Project": "TraceDataAI"
            },
            "unique_id": "AIPA2H3EWGHGBMYQQVNR4"
          },
          "sensitive_attributes": [],
          "identity_schema_version": 0,
          "private": "bnVsbA==",
          "dependencies": [
            "module.ecs_cluster.aws_iam_role.ecs_instance_role"
          ]
        }
      ]
    },
    {
      "module": "module.ecs_cluster",
      "mode": "managed",
      "type": "aws_iam_role",
      "name": "ecs_instance_role",
      "provider": "provider[\"registry.terraform.io/hashicorp/aws\"]",
      "instances": [
        {
          "schema_version": 0,
          "attributes": {
            "arn": "arn:aws:iam::704048935372:role/TraceDataAI-uat-ecs-instance-role",
            "assume_role_policy": "{\"Statement\":[{\"Action\":\"sts:AssumeRole\",\"Effect\":\"Allow\",\"Principal\":{\"Service\":\"ec2.amazonaws.com\"}}],\"Version\":\"2012-10-17\"}",
            "create_date": "2026-04-01T13:08:20Z",
            "description": "",
            "force_detach_policies": false,
            "id": "TraceDataAI-uat-ecs-instance-role",
            "inline_policy": [],
            "managed_policy_arns": [
              "arn:aws:iam::aws:policy/AmazonSSMManagedInstanceCore",
              "arn:aws:iam::aws:policy/CloudWatchAgentServerPolicy",
              "arn:aws:iam::aws:policy/service-role/AmazonEC2ContainerServiceforEC2Role"
            ],
            "max_session_duration": 3600,
            "name": "TraceDataAI-uat-ecs-instance-role",
            "name_prefix": "",
            "path": "/",
            "permissions_boundary": "",
            "tags": {
              "Environment": "uat",
              "ManagedBy": "Terraform",
              "Project": "TraceDataAI"
            },
            "tags_all": {
              "Environment": "uat",
              "ManagedBy": "Terraform",
              "Project": "TraceDataAI"
            },
            "unique_id": "AROA2H3EWGHGGSHWJDB7J"
          },
          "sensitive_attributes": [],
          "identity_schema_version": 0,
          "identity": {
            "account_id": "704048935372",
            "name": "TraceDataAI-uat-ecs-instance-role"
          },
          "private": "bnVsbA=="
        }
      ]
    },
    {
      "module": "module.ecs_cluster",
      "mode": "managed",
      "type": "aws_iam_role",
      "name": "ecs_task_execution_role",
      "provider": "provider[\"registry.terraform.io/hashicorp/aws\"]",
      "instances": [
        {
          "schema_version": 0,
          "attributes": {
            "arn": "arn:aws:iam::704048935372:role/TraceDataAI-uat-ecs-task-execution-role",
            "assume_role_policy": "{\"Statement\":[{\"Action\":\"sts:AssumeRole\",\"Effect\":\"Allow\",\"Principal\":{\"Service\":\"ecs-tasks.amazonaws.com\"}}],\"Version\":\"2012-10-17\"}",
            "create_date": "2026-04-01T13:08:20Z",
            "description": "",
            "force_detach_policies": false,
            "id": "TraceDataAI-uat-ecs-task-execution-role",
            "inline_policy": [],
            "managed_policy_arns": [
              "arn:aws:iam::aws:policy/AmazonSSMManagedInstanceCore",
              "arn:aws:iam::aws:policy/service-role/AmazonECSTaskExecutionRolePolicy"
            ],
            "max_session_duration": 3600,
            "name": "TraceDataAI-uat-ecs-task-execution-role",
            "name_prefix": "",
            "path": "/",
            "permissions_boundary": "",
            "tags": {
              "Environment": "uat",
              "ManagedBy": "Terraform",
              "Project": "TraceDataAI"
            },
            "tags_all": {
              "Environment": "uat",
              "ManagedBy": "Terraform",
              "Project": "TraceDataAI"
            },
            "unique_id": "AROA2H3EWGHGFR6POYXSD"
          },
          "sensitive_attributes": [],
          "identity_schema_version": 0,
          "identity": {
            "account_id": "704048935372",
            "name": "TraceDataAI-uat-ecs-task-execution-role"
          },
          "private": "bnVsbA=="
        }
      ]
    },
    {
      "module": "module.ecs_cluster",
      "mode": "managed",
      "type": "aws_iam_role",
      "name": "ecs_task_role",
      "provider": "provider[\"registry.terraform.io/hashicorp/aws\"]",
      "instances": [
        {
          "schema_version": 0,
          "attributes": {
            "arn": "arn:aws:iam::704048935372:role/TraceDataAI-uat-ecs-task-role",
            "assume_role_policy": "{\"Statement\":[{\"Action\":\"sts:AssumeRole\",\"Effect\":\"Allow\",\"Principal\":{\"Service\":\"ecs-tasks.amazonaws.com\"}}],\"Version\":\"2012-10-17\"}",
            "create_date": "2026-04-01T13:08:20Z",
            "description": "",
            "force_detach_policies": false,
            "id": "TraceDataAI-uat-ecs-task-role",
            "inline_policy": [],
            "managed_policy_arns": [
              "arn:aws:iam::aws:policy/AdministratorAccess"
            ],
            "max_session_duration": 3600,
            "name": "TraceDataAI-uat-ecs-task-role",
            "name_prefix": "",
            "path": "/",
            "permissions_boundary": "",
            "tags": {
              "Environment": "uat",
              "ManagedBy": "Terraform",
              "Project": "TraceDataAI"
            },
            "tags_all": {
              "Environment": "uat",
              "ManagedBy": "Terraform",
              "Project": "TraceDataAI"
            },
            "unique_id": "AROA2H3EWGHGPNDW5YEID"
          },
          "sensitive_attributes": [],
          "identity_schema_version": 0,
          "identity": {
            "account_id": "704048935372",
            "name": "TraceDataAI-uat-ecs-task-role"
          },
          "private": "bnVsbA=="
        }
      ]
    },
    {
      "module": "module.ecs_cluster",
      "mode": "managed",
      "type": "aws_iam_role_policy_attachment",
      "name": "ecs_task_role_admin",
      "provider": "provider[\"registry.terraform.io/hashicorp/aws\"]",
      "instances": [
        {
          "schema_version": 0,
          "attributes": {
            "id": "TraceDataAI-uat-ecs-task-role/arn:aws:iam::aws:policy/AdministratorAccess",
            "policy_arn": "arn:aws:iam::aws:policy/AdministratorAccess",
            "role": "TraceDataAI-uat-ecs-task-role"
          },
          "sensitive_attributes": [],
          "identity_schema_version": 0,
          "identity": {
            "account_id": "704048935372",
            "policy_arn": "arn:aws:iam::aws:policy/AdministratorAccess",
            "role": "TraceDataAI-uat-ecs-task-role"
          },
          "private": "bnVsbA==",
          "dependencies": [
            "module.ecs_cluster.aws_iam_role.ecs_task_role"
          ]
        }
      ]
    },
    {
      "module": "module.ecs_cluster",
      "mode": "managed",
      "type": "aws_iam_role_policy_attachment",
      "name": "task_execution_ecs",
      "provider": "provider[\"registry.terraform.io/hashicorp/aws\"]",
      "instances": [
        {
          "schema_version": 0,
          "attributes": {
            "id": "TraceDataAI-uat-ecs-task-execution-role/arn:aws:iam::aws:policy/service-role/AmazonECSTaskExecutionRolePolicy",
            "policy_arn": "arn:aws:iam::aws:policy/service-role/AmazonECSTaskExecutionRolePolicy",
            "role": "TraceDataAI-uat-ecs-task-execution-role"
          },
          "sensitive_attributes": [],
          "identity_schema_version": 0,
          "identity": {
            "account_id": "704048935372",
            "policy_arn": "arn:aws:iam::aws:policy/service-role/AmazonECSTaskExecutionRolePolicy",
            "role": "TraceDataAI-uat-ecs-task-execution-role"
          },
          "private": "bnVsbA==",
          "dependencies": [
            "module.ecs_cluster.aws_iam_role.ecs_task_execution_role"
          ]
        }
      ]
    },
    {
      "module": "module.ecs_cluster",
      "mode": "managed",
      "type": "aws_launch_template",
      "name": "ecs",
      "provider": "provider[\"registry.terraform.io/hashicorp/aws\"]",
      "instances": [
        {
          "schema_version": 1,
          "attributes": {
            "arn": "arn:aws:ec2:ap-south-1:704048935372:launch-template/lt-0bedb6917a6f58744",
            "block_device_mappings": [
              {
                "device_name": "/dev/xvda",
                "ebs": [
                  {
                    "delete_on_termination": "true",
                    "encrypted": "true",
                    "iops": 0,
                    "kms_key_id": "",
                    "snapshot_id": "",
                    "throughput": 0,
                    "volume_initialization_rate": 0,
                    "volume_size": 30,
                    "volume_type": "gp3"
                  }
                ],
                "no_device": "",
                "virtual_name": ""
              }
            ],
            "capacity_reservation_specification": [],
            "cpu_options": [],
            "credit_specification": [],
            "default_version": 1,
            "description": "",
            "disable_api_stop": false,
            "disable_api_termination": false,
            "ebs_optimized": "",
            "enclave_options": [],
            "hibernation_options": [],
            "iam_instance_profile": [
              {
                "arn": "arn:aws:iam::704048935372:instance-profile/TraceDataAI-uat-ecs-instance-profile",
                "name": ""
              }
            ],
            "id": "lt-0bedb6917a6f58744",
            "image_id": "ami-05b68f13a3d84256f",
            "instance_initiated_shutdown_behavior": "",
            "instance_market_options": [],
            "instance_requirements": [],
            "instance_type": "c7i-flex.large",
            "kernel_id": "",
            "key_name": "",
            "latest_version": 1,
            "license_specification": [],
            "maintenance_options": [],
            "metadata_options": [
              {
                "http_endpoint": "enabled",
                "http_protocol_ipv6": "",
                "http_put_response_hop_limit": 2,
                "http_tokens": "required",
                "instance_metadata_tags": ""
              }
            ],
            "monitoring": [
              {
                "enabled": true
              }
            ],
            "name": "TraceDataAI-uat-ecs-lt-20260401130833786000000002",
            "name_prefix": "TraceDataAI-uat-ecs-lt-",
            "network_interfaces": [],
            "network_performance_options": [],
            "placement": [],
            "private_dns_name_options": [],
            "ram_disk_id": "",
            "region": "ap-south-1",
            "secondary_interfaces": [],
            "security_group_names": [],
            "tag_specifications": [
              {
                "resource_type": "instance",
                "tags": {
                  "Environment": "uat",
                  "ManagedBy": "Terraform",
                  "Name": "TraceDataAI-uat-ecs-instance",
                  "Project": "TraceDataAI"
                }
              }
            ],
            "tags": {
              "Environment": "uat",
              "ManagedBy": "Terraform",
              "Project": "TraceDataAI"
            },
            "tags_all": {
              "Environment": "uat",
              "ManagedBy": "Terraform",
              "Project": "TraceDataAI"
            },
            "update_default_version": null,
            "user_data": "IyEvYmluL2Jhc2gKc2V0IC1lCgojIOKUgOKUgCAxLiBSZWdpc3RlciBFQzIgaW5zdGFuY2UgdG8gRUNTIGNsdXN0ZXIg4pSA4pSA4pSA4pSA4pSA4pSA4pSA4pSA4pSA4pSA4pSA4pSA4pSA4pSA4pSA4pSA4pSA4pSACmVjaG8gRUNTX0NMVVNURVI9VHJhY2VEYXRhQUktdWF0LWNsdXN0ZXIgPj4gL2V0Yy9lY3MvZWNzLmNvbmZpZwplY2hvIEVDU19FTkFCTEVfVEFTS19JQU1fUk9MRT10cnVlID4+IC9ldGMvZWNzL2Vjcy5jb25maWcKZWNobyBFQ1NfRU5BQkxFX1RBU0tfSUFNX1JPTEVfTkVUV09SS19IT1NUPXRydWUgPj4gL2V0Yy9lY3MvZWNzLmNvbmZpZwoKIyDilIDilIAgMi4gSW5zdGFsbCBTU00gQWdlbnQg4pSA4pSA4pSA4pSA4pSA4pSA4pSA4pSA4pSA4pSA4pSA4pSA4pSA4pSA4pSA4pSA4pSA4pSA4pSA4pSA4pSA4pSA4pSA4pSA4pSA4pSA4pSA4pSA4pSA4pSA4pSA4pSA4pSA4pSA4pSA4pSA4pSA4pSACiMgU1NNIGFnZW50IGFsbG93cyBjb25uZWN0aW5nIHRvIEVDMiB3aXRob3V0IFNTSCBrZXkgcGFpcgojIFJlcXVpcmVkIGZvcjogZGVidWdnaW5nLCBydW5uaW5nIGNvbW1hbmRzLCB2aWV3aW5nIGxvZ3MKeXVtIGluc3RhbGwgLXkgYW1hem9uLXNzbS1hZ2VudAoKIyDilIDilIAgMy4gRW5hYmxlIGFuZCBzdGFydCBTU00gYWdlbnQg4pSA4pSA4pSA4pSA4pSA4pSA4pSA4pSA4pSA4pSA4pSA4pSA4pSA4pSA4pSA4pSA4pSA4pSA4pSA4pSA4pSA4pSA4pSA4pSA4pSA4pSA4pSA4pSACnN5c3RlbWN0bCBlbmFibGUgYW1hem9uLXNzbS1hZ2VudApzeXN0ZW1jdGwgc3RhcnQgYW1hem9uLXNzbS1hZ2VudAoKIyDilIDilIAgNC4gVmVyaWZ5IFNTTSBhZ2VudCBpcyBydW5uaW5nIOKUgOKUgOKUgOKUgOKUgOKUgOKUgOKUgOKUgOKUgOKUgOKUgOKUgOKUgOKUgOKUgOKUgOKUgOKUgOKUgOKUgOKUgOKUgOKUgOKUgOKUgOKUgApzeXN0ZW1jdGwgc3RhdHVzIGFtYXpvbi1zc20tYWdlbnQgPj4gL3Zhci9sb2cvc3NtLWluc3RhbGwubG9nIDI+JjEKCiMg4pSA4pSAIDUuIFNpZ25hbCB0aGF0IHVzZXJkYXRhIGNvbXBsZXRlZCBzdWNjZXNzZnVsbHkg4pSA4pSA4pSA4pSA4pSA4pSA4pSA4pSA4pSA4pSA4pSA4pSACmVjaG8gIlVzZXJkYXRhIGNvbXBsZXRlZCBzdWNjZXNzZnVsbHkiID4+IC92YXIvbG9nL3VzZXJkYXRhLmxvZwo=",
            "vpc_security_group_ids": [
              "sg-0b6ca7913905b43b6"
            ]
          },
          "sensitive_attributes": [
            [
              {
                "type": "get_attr",
                "value": "image_id"
              }
            ]
          ],
          "identity_schema_version": 0,
          "private": "eyJzY2hlbWFfdmVyc2lvbiI6IjEifQ==",
          "dependencies": [
            "module.alb.aws_security_group.alb_sg",
            "module.api_gateway.aws_security_group.backend_sg",
            "module.ecs_cluster.aws_ecs_cluster.this",
            "module.ecs_cluster.aws_iam_instance_profile.ecs_instance_profile",
            "module.ecs_cluster.aws_iam_role.ecs_instance_role",
            "module.ecs_cluster.data.aws_ssm_parameter.ecs_ami",
            "module.vpc.aws_vpc.main"
          ]
        }
      ]
    },
    {
      "module": "module.vpc",
      "mode": "managed",
      "type": "aws_subnet",
      "name": "private_1",
      "provider": "provider[\"registry.terraform.io/hashicorp/aws\"]",
      "instances": [
        {
          "schema_version": 1,
          "attributes": {
            "arn": "arn:aws:ec2:ap-south-1:704048935372:subnet/subnet-0c65c913cd85f8b9e",
            "assign_ipv6_address_on_creation": false,
            "availability_zone": "ap-south-1a",
            "availability_zone_id": "aps1-az1",
            "cidr_block": "11.0.3.0/24",
            "customer_owned_ipv4_pool": "",
            "enable_dns64": false,
            "enable_lni_at_device_index": 0,
            "enable_resource_name_dns_a_record_on_launch": false,
            "enable_resource_name_dns_aaaa_record_on_launch": false,
            "id": "subnet-0c65c913cd85f8b9e",
            "ipv4_ipam_pool_id": null,
            "ipv4_netmask_length": null,
            "ipv6_cidr_block": "",
            "ipv6_cidr_block_association_id": "",
            "ipv6_ipam_pool_id": null,
            "ipv6_native": false,
            "ipv6_netmask_length": null,
            "map_customer_owned_ip_on_launch": false,
            "map_public_ip_on_launch": false,
            "outpost_arn": "",
            "owner_id": "704048935372",
            "private_dns_hostname_type_on_launch": "ip-name",
            "region": "ap-south-1",
            "tags": {
              "Environment": "uat",
              "ManagedBy": "Terraform",
              "Name": "TraceDataAI-uat-private-subnet-1",
              "Project": "TraceDataAI",
              "Tier": "Private"
            },
            "tags_all": {
              "Environment": "uat",
              "ManagedBy": "Terraform",
              "Name": "TraceDataAI-uat-private-subnet-1",
              "Project": "TraceDataAI",
              "Tier": "Private"
            },
            "timeouts": null,
            "vpc_id": "vpc-01d9095da7596101b"
          },
          "sensitive_attributes": [],
          "identity_schema_version": 0,
          "identity": {
            "account_id": "704048935372",
            "id": "subnet-0c65c913cd85f8b9e",
            "region": "ap-south-1"
          },
          "private": "eyJlMmJmYjczMC1lY2FhLTExZTYtOGY4OC0zNDM2M2JjN2M0YzAiOnsiY3JlYXRlIjo2MDAwMDAwMDAwMDAsImRlbGV0ZSI6MTIwMDAwMDAwMDAwMH0sInNjaGVtYV92ZXJzaW9uIjoiMSJ9",
          "dependencies": [
            "module.vpc.aws_vpc.main"
          ]
        }
      ]
    },
    {
      "module": "module.vpc",
      "mode": "managed",
      "type": "aws_subnet",
      "name": "private_2",
      "provider": "provider[\"registry.terraform.io/hashicorp/aws\"]",
      "instances": [
        {
          "schema_version": 1,
          "attributes": {
            "arn": "arn:aws:ec2:ap-south-1:704048935372:subnet/subnet-0b5e3f37fb64fb1c9",
            "assign_ipv6_address_on_creation": false,
            "availability_zone": "ap-south-1b",
            "availability_zone_id": "aps1-az3",
            "cidr_block": "11.0.4.0/24",
            "customer_owned_ipv4_pool": "",
            "enable_dns64": false,
            "enable_lni_at_device_index": 0,
            "enable_resource_name_dns_a_record_on_launch": false,
            "enable_resource_name_dns_aaaa_record_on_launch": false,
            "id": "subnet-0b5e3f37fb64fb1c9",
            "ipv4_ipam_pool_id": null,
            "ipv4_netmask_length": null,
            "ipv6_cidr_block": "",
            "ipv6_cidr_block_association_id": "",
            "ipv6_ipam_pool_id": null,
            "ipv6_native": false,
            "ipv6_netmask_length": null,
            "map_customer_owned_ip_on_launch": false,
            "map_public_ip_on_launch": false,
            "outpost_arn": "",
            "owner_id": "704048935372",
            "private_dns_hostname_type_on_launch": "ip-name",
            "region": "ap-south-1",
            "tags": {
              "Environment": "uat",
              "ManagedBy": "Terraform",
              "Name": "TraceDataAI-uat-private-subnet-2",
              "Project": "TraceDataAI",
              "Tier": "Private"
            },
            "tags_all": {
              "Environment": "uat",
              "ManagedBy": "Terraform",
              "Name": "TraceDataAI-uat-private-subnet-2",
              "Project": "TraceDataAI",
              "Tier": "Private"
            },
            "timeouts": null,
            "vpc_id": "vpc-01d9095da7596101b"
          },
          "sensitive_attributes": [],
          "identity_schema_version": 0,
          "identity": {
            "account_id": "704048935372",
            "id": "subnet-0b5e3f37fb64fb1c9",
            "region": "ap-south-1"
          },
          "private": "eyJlMmJmYjczMC1lY2FhLTExZTYtOGY4OC0zNDM2M2JjN2M0YzAiOnsiY3JlYXRlIjo2MDAwMDAwMDAwMDAsImRlbGV0ZSI6MTIwMDAwMDAwMDAwMH0sInNjaGVtYV92ZXJzaW9uIjoiMSJ9",
          "dependencies": [
            "module.vpc.aws_vpc.main"
          ]
        }
      ]
    },
    {
      "module": "module.vpc",
      "mode": "managed",
      "type": "aws_vpc",
      "name": "main",
      "provider": "provider[\"registry.terraform.io/hashicorp/aws\"]",
      "instances": [
        {
          "schema_version": 1,
          "attributes": {
            "arn": "arn:aws:ec2:ap-south-1:704048935372:vpc/vpc-01d9095da7596101b",
            "assign_generated_ipv6_cidr_block": false,
            "cidr_block": "11.0.0.0/16",
            "default_network_acl_id": "acl-059870829ce7f0d61",
            "default_route_table_id": "rtb-0dea3569f5b2133bc",
            "default_security_group_id": "sg-08f43b80ec31d8c73",
            "dhcp_options_id": "dopt-017ddd9d04ac2a47a",
            "enable_dns_hostnames": true,
            "enable_dns_support": true,
            "enable_network_address_usage_metrics": false,
            "id": "vpc-01d9095da7596101b",
            "instance_tenancy": "default",
            "ipv4_ipam_pool_id": null,
            "ipv4_netmask_length": null,
            "ipv6_association_id": "",
            "ipv6_cidr_block": "",
            "ipv6_cidr_block_network_border_group": "",
            "ipv6_ipam_pool_id": "",
            "ipv6_netmask_length": 0,
            "main_route_table_id": "rtb-0dea3569f5b2133bc",
            "owner_id": "704048935372",
            "region": "ap-south-1",
            "tags": {
              "Environment": "uat",
              "ManagedBy": "Terraform",
              "Name": "TraceDataAI-uat-vpc",
              "Project": "TraceDataAI"
            },
            "tags_all": {
              "Environment": "uat",
              "ManagedBy": "Terraform",
              "Name": "TraceDataAI-uat-vpc",
              "Project": "TraceDataAI"
            }
          },
          "sensitive_attributes": [],
          "identity_schema_version": 0,
          "identity": {
            "account_id": "704048935372",
            "id": "vpc-01d9095da7596101b",
            "region": "ap-south-1"
          },
          "private": "eyJzY2hlbWFfdmVyc2lvbiI6IjEifQ=="
        }
      ]
    }
  ],
  "check_results": [
    {
      "object_kind": "var",
      "config_addr": "module.alb.var.target_type",
      "status": "unknown",
      "objects": null
    }
  ]
}
